<?xml version="1.0" encoding="utf-8"?>
<Project ToolsVersion="4.0" xmlns="http://schemas.microsoft.com/developer/msbuild/2003">
  <ItemGroup>
    <Filter Include="LonEngine">
      <UniqueIdentifier>{844214B4-F0AC-C82A-39EB-79D0A594A67F}</UniqueIdentifier>
    </Filter>
    <Filter Include="LonEngine\Events">
      <UniqueIdentifier>{E871DD6B-D46A-FCBD-FD9C-E142E9F4DBC9}</UniqueIdentifier>
    </Filter>
  </ItemGroup>
  <ItemGroup>
    <ClInclude Include="src\LonEngine.h" />
    <ClInclude Include="src\LonEngine\Application.h">
      <Filter>LonEngine</Filter>
    </ClInclude>
    <ClInclude Include="src\LonEngine\Core.h">
      <Filter>LonEngine</Filter>
    </ClInclude>
    <ClInclude Include="src\LonEngine\EntryPoint.h">
      <Filter>LonEngine</Filter>
    </ClInclude>
    <ClInclude Include="src\LonEngine\Events\ApplicationEvent.h">
      <Filter>LonEngine\Events</Filter>
    </ClInclude>
    <ClInclude Include="src\LonEngine\Events\Event.h">
      <Filter>LonEngine\Events</Filter>
    </ClInclude>
    <ClInclude Include="src\LonEngine\Events\KeyEvent.h">
      <Filter>LonEngine\Events</Filter>
    </ClInclude>
    <ClInclude Include="src\LonEngine\Events\MouseEvent.h">
      <Filter>LonEngine\Events</Filter>
    </ClInclude>
    <ClInclude Include="src\LonEngine\Log.h">
      <Filter>LonEngine</Filter>
    </ClInclude>
    <ClInclude Include="src\lepch.h" />
  </ItemGroup>
  <ItemGroup>
    <ClCompile Include="src\LonEngine\Application.cpp">
      <Filter>LonEngine</Filter>
    </ClCompile>
    <ClCompile Include="src\LonEngine\Log.cpp">
      <Filter>LonEngine</Filter>
    </ClCompile>
    <ClCompile Include="src\lepch.cpp" />
  </ItemGroup>
</Project>